
Microsoft Visual Studio Solution File, Format Version 12.00
# Visual Studio Version 17
VisualStudioVersion = 17.5.33530.505
MinimumVisualStudioVersion = 10.0.40219.1
Project("{FAE04EC0-301F-11D3-BF4B-00C04F79EFBC}") = "DataAccess", "DataAccess\DataAccess.csproj", "{898ADAF5-6ECF-4814-824E-37E6C092AF6B}"
EndProject
Project("{FAE04EC0-301F-11D3-BF4B-00C04F79EFBC}") = "StartConsoleApp", "StartConsoleApp\StartConsoleApp.csproj", "{B9D3B8AC-BFF1-44C7-A11B-B22D3FE9F062}"
EndProject
Project("{FAE04EC0-301F-11D3-BF4B-00C04F79EFBC}") = "Benchmark.ConsoleApp", "Benchmark.ConsoleApp\Benchmark.ConsoleApp.csproj", "{A78699C5-33B7-4329-8C6A-E5F591983714}"
EndProject
Global
	GlobalSection(SolutionConfigurationPlatforms) = preSolution
		Debug|Any CPU = Debug|Any CPU
		Release|Any CPU = Release|Any CPU
	EndGlobalSection
	GlobalSection(ProjectConfigurationPlatforms) = postSolution
		{898ADAF5-6ECF-4814-824E-37E6C092AF6B}.Debug|Any CPU.ActiveCfg = Debug|Any CPU
		{898ADAF5-6ECF-4814-824E-37E6C092AF6B}.Debug|Any CPU.Build.0 = Debug|Any CPU
		{898ADAF5-6ECF-4814-824E-37E6C092AF6B}.Release|Any CPU.ActiveCfg = Release|Any CPU
		{898ADAF5-6ECF-4814-824E-37E6C092AF6B}.Release|Any CPU.Build.0 = Release|Any CPU
		{B9D3B8AC-BFF1-44C7-A11B-B22D3FE9F062}.Debug|Any CPU.ActiveCfg = Debug|Any CPU
		{B9D3B8AC-BFF1-44C7-A11B-B22D3FE9F062}.Debug|Any CPU.Build.0 = Debug|Any CPU
		{B9D3B8AC-BFF1-44C7-A11B-B22D3FE9F062}.Release|Any CPU.ActiveCfg = Release|Any CPU
		{B9D3B8AC-BFF1-44C7-A11B-B22D3FE9F062}.Release|Any CPU.Build.0 = Release|Any CPU
		{A78699C5-33B7-4329-8C6A-E5F591983714}.Debug|Any CPU.ActiveCfg = Debug|Any CPU
		{A78699C5-33B7-4329-8C6A-E5F591983714}.Debug|Any CPU.Build.0 = Debug|Any CPU
		{A78699C5-33B7-4329-8C6A-E5F591983714}.Release|Any CPU.ActiveCfg = Release|Any CPU
		{A78699C5-33B7-4329-8C6A-E5F591983714}.Release|Any CPU.Build.0 = Release|Any CPU
	EndGlobalSection
	GlobalSection(SolutionProperties) = preSolution
		HideSolutionNode = FALSE
	EndGlobalSection
	GlobalSection(ExtensibilityGlobals) = postSolution
		SolutionGuid = {7D9D73C2-500B-4BD0-A103-C39F1C9C39A5}
	EndGlobalSection
EndGlobal
